
Microsoft Visual Studio Solution File, Format Version 12.00
# Visual Studio Version 16
VisualStudioVersion = 16.0.31515.178
MinimumVisualStudioVersion = 10.0.40219.1
Project("{9A19103F-16F7-4668-BE54-9A1E7A4F7556}") = "ArrayChar", "ArrayChar.csproj", "{77EFE1DE-47F3-4485-935F-B74BBD889EBB}"
EndProject
Global
	GlobalSection(SolutionConfigurationPlatforms) = preSolution
		Debug|Any CPU = Debug|Any CPU
		Release|Any CPU = Release|Any CPU
	EndGlobalSection
	GlobalSection(ProjectConfigurationPlatforms) = postSolution
		{77EFE1DE-47F3-4485-935F-B74BBD889EBB}.Debug|Any CPU.ActiveCfg = Debug|Any CPU
		{77EFE1DE-47F3-4485-935F-B74BBD889EBB}.Debug|Any CPU.Build.0 = Debug|Any CPU
		{77EFE1DE-47F3-4485-935F-B74BBD889EBB}.Release|Any CPU.ActiveCfg = Release|Any CPU
		{77EFE1DE-47F3-4485-935F-B74BBD889EBB}.Release|Any CPU.Build.0 = Release|Any CPU
	EndGlobalSection
	GlobalSection(SolutionProperties) = preSolution
		HideSolutionNode = FALSE
	EndGlobalSection
	GlobalSection(ExtensibilityGlobals) = postSolution
		SolutionGuid = {23B10080-9A65-4E41-903E-63E40373CFED}
	EndGlobalSection
EndGlobal
